// !$*UTF8*$!
{
	archiveVersion = 1;
	classes = {
	};
	objectVersion = 56;
	objects = {

/* Begin PBXBuildFile section */
		DFF715820705E8A4FC1D903B /* Pods_PulseMVC.framework in Frameworks */ = {isa = PBXBuildFile; fileRef = 5DF5D93D076ADAABC1C81BFB /* Pods_PulseMVC.framework */; };
		E00260992BD90F0100E9117F /* VadimProgressCopyLogic.swift in Sources */ = {isa = PBXBuildFile; fileRef = E00260982BD90F0100E9117F /* VadimProgressCopyLogic.swift */; };
		E036215F2BA5A63000E6B076 /* Profile+CoreDataClass.swift in Sources */ = {isa = PBXBuildFile; fileRef = E036215E2BA5A63000E6B076 /* Profile+CoreDataClass.swift */; };
		E090F8EA2BDAA37700F65BD5 /* BaseRecipeView.swift in Sources */ = {isa = PBXBuildFile; fileRef = E090F8E92BDAA37700F65BD5 /* BaseRecipeView.swift */; };
		E0B467DD2BBE87C50006119E /* ext.swift in Sources */ = {isa = PBXBuildFile; fileRef = E0B467DC2BBE87C50006119E /* ext.swift */; };
		E0C36B982BB69ACA00C0840A /* AVCaptureDevice.swift in Sources */ = {isa = PBXBuildFile; fileRef = E0C36B972BB69ACA00C0840A /* AVCaptureDevice.swift */; };
		E0C36B9B2BB69B0200C0840A /* ColorUtilitesHeart.swift in Sources */ = {isa = PBXBuildFile; fileRef = E0C36B9A2BB69B0200C0840A /* ColorUtilitesHeart.swift */; };
		E0C36B9E2BB69B2400C0840A /* FilterHeart.swift in Sources */ = {isa = PBXBuildFile; fileRef = E0C36B9D2BB69B2400C0840A /* FilterHeart.swift */; };
		E0C36BA02BB69B3800C0840A /* PulseDetectorHeart.swift in Sources */ = {isa = PBXBuildFile; fileRef = E0C36B9F2BB69B3800C0840A /* PulseDetectorHeart.swift */; };
		E0C36BA42BB69B6B00C0840A /* ManagerHeartRate.swift in Sources */ = {isa = PBXBuildFile; fileRef = E0C36BA32BB69B6B00C0840A /* ManagerHeartRate.swift */; };
		E0DB8DF12BB2AA82006B6517 /* ResultView.swift in Sources */ = {isa = PBXBuildFile; fileRef = E0DB8DF02BB2AA82006B6517 /* ResultView.swift */; };
		E0DB8DF32BB2C061006B6517 /* StatusPulseView.swift in Sources */ = {isa = PBXBuildFile; fileRef = E0DB8DF22BB2C061006B6517 /* StatusPulseView.swift */; };
		E0DB8DF82BB2EE9C006B6517 /* StackResultH.swift in Sources */ = {isa = PBXBuildFile; fileRef = E0DB8DF72BB2EE9C006B6517 /* StackResultH.swift */; };
		E0E45DC72BA9C61900A7DCD7 /* CameraAccessView.swift in Sources */ = {isa = PBXBuildFile; fileRef = E0E45DC62BA9C61900A7DCD7 /* CameraAccessView.swift */; };
		E0E483082BBE80EA00E62036 /* HeartRateModel.swift in Sources */ = {isa = PBXBuildFile; fileRef = E0E483072BBE80EA00E62036 /* HeartRateModel.swift */; };
		E0F4666B2BC51D4B002E8B51 /* PayWallController.swift in Sources */ = {isa = PBXBuildFile; fileRef = E0F4666A2BC51D4B002E8B51 /* PayWallController.swift */; };
		E0F4666D2BC51FB9002E8B51 /* PayWallCell.swift in Sources */ = {isa = PBXBuildFile; fileRef = E0F4666C2BC51FB9002E8B51 /* PayWallCell.swift */; };
		E0F4666F2BC5242C002E8B51 /* PayWallView.swift in Sources */ = {isa = PBXBuildFile; fileRef = E0F4666E2BC5242C002E8B51 /* PayWallView.swift */; };
		E0F83EEF2BA5DE0000C47D5A /* AnalyzViewController.swift in Sources */ = {isa = PBXBuildFile; fileRef = E0F83EEE2BA5DE0000C47D5A /* AnalyzViewController.swift */; };
		E0F83EF12BA5E89200C47D5A /* ActivityView.swift in Sources */ = {isa = PBXBuildFile; fileRef = E0F83EF02BA5E89200C47D5A /* ActivityView.swift */; };
		E0F83EF32BA604E300C47D5A /* StackV.swift in Sources */ = {isa = PBXBuildFile; fileRef = E0F83EF22BA604E300C47D5A /* StackV.swift */; };
		E0F83EF52BA604E900C47D5A /* StackH.swift in Sources */ = {isa = PBXBuildFile; fileRef = E0F83EF42BA604E900C47D5A /* StackH.swift */; };
		F508212A2B7139AC00CEF074 /* AboutMeViewController.swift in Sources */ = {isa = PBXBuildFile; fileRef = F50821292B7139AC00CEF074 /* AboutMeViewController.swift */; };
		F508212D2B71439500CEF074 /* PulseStack.swift in Sources */ = {isa = PBXBuildFile; fileRef = F508212C2B71439500CEF074 /* PulseStack.swift */; };
		F53A49692B7BAA1F002B2E65 /* WelcomViewV.swift in Sources */ = {isa = PBXBuildFile; fileRef = F53A49682B7BAA1F002B2E65 /* WelcomViewV.swift */; };
		F53E0C602B74E485002C1DD2 /* GenderAboutCell.swift in Sources */ = {isa = PBXBuildFile; fileRef = F53E0C5F2B74E485002C1DD2 /* GenderAboutCell.swift */; };
		F53E0C622B74FC37002C1DD2 /* CIrcleButtonUIView.swift in Sources */ = {isa = PBXBuildFile; fileRef = F53E0C612B74FC37002C1DD2 /* CIrcleButtonUIView.swift */; };
		F53E0C642B74FD24002C1DD2 /* CircleButtonHStack.swift in Sources */ = {isa = PBXBuildFile; fileRef = F53E0C632B74FD24002C1DD2 /* CircleButtonHStack.swift */; };
		F542FCBF2B6E746D00ACB81B /* HistoryViewController.swift in Sources */ = {isa = PBXBuildFile; fileRef = F542FCBE2B6E746D00ACB81B /* HistoryViewController.swift */; };
		F542FCC12B6E748700ACB81B /* HistoryView.swift in Sources */ = {isa = PBXBuildFile; fileRef = F542FCC02B6E748700ACB81B /* HistoryView.swift */; };
		F542FCC32B6E74A100ACB81B /* HIstoryModel.swift in Sources */ = {isa = PBXBuildFile; fileRef = F542FCC22B6E74A100ACB81B /* HIstoryModel.swift */; };
		F542FCC52B6E774400ACB81B /* DietViewController.swift in Sources */ = {isa = PBXBuildFile; fileRef = F542FCC42B6E774400ACB81B /* DietViewController.swift */; };
		F542FCC72B6E777400ACB81B /* DietView.swift in Sources */ = {isa = PBXBuildFile; fileRef = F542FCC62B6E777400ACB81B /* DietView.swift */; };
		F542FCC92B6E778800ACB81B /* DIetModel.swift in Sources */ = {isa = PBXBuildFile; fileRef = F542FCC82B6E778800ACB81B /* DIetModel.swift */; };
		F542FCCB2B6E77CE00ACB81B /* TestViewController.swift in Sources */ = {isa = PBXBuildFile; fileRef = F542FCCA2B6E77CE00ACB81B /* TestViewController.swift */; };
		F542FCCD2B6E77FC00ACB81B /* TestView.swift in Sources */ = {isa = PBXBuildFile; fileRef = F542FCCC2B6E77FC00ACB81B /* TestView.swift */; };
		F542FCCF2B6E781400ACB81B /* TestModel.swift in Sources */ = {isa = PBXBuildFile; fileRef = F542FCCE2B6E781400ACB81B /* TestModel.swift */; };
		F542FCD12B6E789E00ACB81B /* ProfileViewController.swift in Sources */ = {isa = PBXBuildFile; fileRef = F542FCD02B6E789E00ACB81B /* ProfileViewController.swift */; };
		F542FCD32B6E79D800ACB81B /* ProfileModel.swift in Sources */ = {isa = PBXBuildFile; fileRef = F542FCD22B6E79D800ACB81B /* ProfileModel.swift */; };
		F542FCD52B6E7A5000ACB81B /* ProfileView.swift in Sources */ = {isa = PBXBuildFile; fileRef = F542FCD42B6E7A5000ACB81B /* ProfileView.swift */; };
		F54492532B725BCB002CAA53 /* AboutModel.swift in Sources */ = {isa = PBXBuildFile; fileRef = F54492522B725BCB002CAA53 /* AboutModel.swift */; };
		F54492562B725ED6002CAA53 /* AboutCell.swift in Sources */ = {isa = PBXBuildFile; fileRef = F54492552B725ED6002CAA53 /* AboutCell.swift */; };
		F544925A2B73A3BF002CAA53 /* unitsFieldView.swift in Sources */ = {isa = PBXBuildFile; fileRef = F54492592B73A3BF002CAA53 /* unitsFieldView.swift */; };
		F544925C2B73AA8F002CAA53 /* unitsStackView.swift in Sources */ = {isa = PBXBuildFile; fileRef = F544925B2B73AA8F002CAA53 /* unitsStackView.swift */; };
		F548ED0F2B8F2C460057A791 /* StorageManager.swift in Sources */ = {isa = PBXBuildFile; fileRef = F548ED0E2B8F2C460057A791 /* StorageManager.swift */; };
		F54ACF402B9B2274002467A0 /* MyProgressBar.swift in Sources */ = {isa = PBXBuildFile; fileRef = F54ACF3F2B9B2274002467A0 /* MyProgressBar.swift */; };
		F5531F1E2B95FFEE00A37224 /* CoreData.xcdatamodeld in Sources */ = {isa = PBXBuildFile; fileRef = F5531F1C2B95FFEE00A37224 /* CoreData.xcdatamodeld */; };
		F5984E7E2B6A99940090376F /* AppDelegate.swift in Sources */ = {isa = PBXBuildFile; fileRef = F5984E7D2B6A99940090376F /* AppDelegate.swift */; };
		F5984E802B6A99940090376F /* SceneDelegate.swift in Sources */ = {isa = PBXBuildFile; fileRef = F5984E7F2B6A99940090376F /* SceneDelegate.swift */; };
		F5984E872B6A99950090376F /* Assets.xcassets in Resources */ = {isa = PBXBuildFile; fileRef = F5984E862B6A99950090376F /* Assets.xcassets */; };
		F5984E8A2B6A99950090376F /* LaunchScreen.storyboard in Resources */ = {isa = PBXBuildFile; fileRef = F5984E882B6A99950090376F /* LaunchScreen.storyboard */; };
		F59EF6142B80F6CD0014C7E0 /* DimmyView.swift in Sources */ = {isa = PBXBuildFile; fileRef = F59EF6132B80F6CD0014C7E0 /* DimmyView.swift */; };
		F5A02EF12B6BF0B700DF7ED7 /* PulseViewController.swift in Sources */ = {isa = PBXBuildFile; fileRef = F5A02EF02B6BF0B700DF7ED7 /* PulseViewController.swift */; };
		F5A02EF62B6BFA7000DF7ED7 /* BaseViewController.swift in Sources */ = {isa = PBXBuildFile; fileRef = F5A02EF52B6BFA7000DF7ED7 /* BaseViewController.swift */; };
		F5E9C4E12B6FAF25001D5621 /* GlobalButton.swift in Sources */ = {isa = PBXBuildFile; fileRef = F5E9C4E02B6FAF25001D5621 /* GlobalButton.swift */; };
		F5E9C4E32B6FB426001D5621 /* AppColor.swift in Sources */ = {isa = PBXBuildFile; fileRef = F5E9C4E22B6FB426001D5621 /* AppColor.swift */; };
		F5E9C4E62B6FB7E5001D5621 /* TabBarController.swift in Sources */ = {isa = PBXBuildFile; fileRef = F5E9C4E52B6FB7E5001D5621 /* TabBarController.swift */; };
/* End PBXBuildFile section */

/* Begin PBXFileReference section */
		090C6C4283FB8BE895EA2FEB /* Pods-PulseMVC-PulseMVCUITests.debug.xcconfig */ = {isa = PBXFileReference; includeInIndex = 1; lastKnownFileType = text.xcconfig; name = "Pods-PulseMVC-PulseMVCUITests.debug.xcconfig"; path = "Target Support Files/Pods-PulseMVC-PulseMVCUITests/Pods-PulseMVC-PulseMVCUITests.debug.xcconfig"; sourceTree = "<group>"; };
		1CFDEBD4995A7923591C47E5 /* Pods_PulseMVC_PulseMVCUITests.framework */ = {isa = PBXFileReference; explicitFileType = wrapper.framework; includeInIndex = 0; path = Pods_PulseMVC_PulseMVCUITests.framework; sourceTree = BUILT_PRODUCTS_DIR; };
		32E8FD4407AB07A74E6EBF81 /* Pods-PulseMVC.release.xcconfig */ = {isa = PBXFileReference; includeInIndex = 1; lastKnownFileType = text.xcconfig; name = "Pods-PulseMVC.release.xcconfig"; path = "Target Support Files/Pods-PulseMVC/Pods-PulseMVC.release.xcconfig"; sourceTree = "<group>"; };
		5DF5D93D076ADAABC1C81BFB /* Pods_PulseMVC.framework */ = {isa = PBXFileReference; explicitFileType = wrapper.framework; includeInIndex = 0; path = Pods_PulseMVC.framework; sourceTree = BUILT_PRODUCTS_DIR; };
		671AF794337B7B1A802FC457 /* Pods_PulseMVCTests.framework */ = {isa = PBXFileReference; explicitFileType = wrapper.framework; includeInIndex = 0; path = Pods_PulseMVCTests.framework; sourceTree = BUILT_PRODUCTS_DIR; };
		8555EC0178C0D9A6E4F6425D /* Pods-PulseMVCTests.debug.xcconfig */ = {isa = PBXFileReference; includeInIndex = 1; lastKnownFileType = text.xcconfig; name = "Pods-PulseMVCTests.debug.xcconfig"; path = "Target Support Files/Pods-PulseMVCTests/Pods-PulseMVCTests.debug.xcconfig"; sourceTree = "<group>"; };
		90BF2E75F841E25AE3406EE3 /* Pods-PulseMVC-PulseMVCUITests.release.xcconfig */ = {isa = PBXFileReference; includeInIndex = 1; lastKnownFileType = text.xcconfig; name = "Pods-PulseMVC-PulseMVCUITests.release.xcconfig"; path = "Target Support Files/Pods-PulseMVC-PulseMVCUITests/Pods-PulseMVC-PulseMVCUITests.release.xcconfig"; sourceTree = "<group>"; };
		B9CC3EDFDDD11404740CA379 /* Pods-PulseMVC.debug.xcconfig */ = {isa = PBXFileReference; includeInIndex = 1; lastKnownFileType = text.xcconfig; name = "Pods-PulseMVC.debug.xcconfig"; path = "Target Support Files/Pods-PulseMVC/Pods-PulseMVC.debug.xcconfig"; sourceTree = "<group>"; };
		E00260982BD90F0100E9117F /* VadimProgressCopyLogic.swift */ = {isa = PBXFileReference; lastKnownFileType = sourcecode.swift; path = VadimProgressCopyLogic.swift; sourceTree = "<group>"; };
		E036215E2BA5A63000E6B076 /* Profile+CoreDataClass.swift */ = {isa = PBXFileReference; fileEncoding = 4; lastKnownFileType = sourcecode.swift; path = "Profile+CoreDataClass.swift"; sourceTree = "<group>"; };
		E090F8E92BDAA37700F65BD5 /* BaseRecipeView.swift */ = {isa = PBXFileReference; lastKnownFileType = sourcecode.swift; path = BaseRecipeView.swift; sourceTree = "<group>"; };
		E0B467DC2BBE87C50006119E /* ext.swift */ = {isa = PBXFileReference; lastKnownFileType = sourcecode.swift; path = ext.swift; sourceTree = "<group>"; };
		E0C36B972BB69ACA00C0840A /* AVCaptureDevice.swift */ = {isa = PBXFileReference; lastKnownFileType = sourcecode.swift; path = AVCaptureDevice.swift; sourceTree = "<group>"; };
		E0C36B9A2BB69B0200C0840A /* ColorUtilitesHeart.swift */ = {isa = PBXFileReference; lastKnownFileType = sourcecode.swift; path = ColorUtilitesHeart.swift; sourceTree = "<group>"; };
		E0C36B9D2BB69B2400C0840A /* FilterHeart.swift */ = {isa = PBXFileReference; lastKnownFileType = sourcecode.swift; path = FilterHeart.swift; sourceTree = "<group>"; };
		E0C36B9F2BB69B3800C0840A /* PulseDetectorHeart.swift */ = {isa = PBXFileReference; lastKnownFileType = sourcecode.swift; path = PulseDetectorHeart.swift; sourceTree = "<group>"; };
		E0C36BA32BB69B6B00C0840A /* ManagerHeartRate.swift */ = {isa = PBXFileReference; lastKnownFileType = sourcecode.swift; path = ManagerHeartRate.swift; sourceTree = "<group>"; };
		E0DB8DF02BB2AA82006B6517 /* ResultView.swift */ = {isa = PBXFileReference; lastKnownFileType = sourcecode.swift; path = ResultView.swift; sourceTree = "<group>"; };
		E0DB8DF22BB2C061006B6517 /* StatusPulseView.swift */ = {isa = PBXFileReference; lastKnownFileType = sourcecode.swift; path = StatusPulseView.swift; sourceTree = "<group>"; };
		E0DB8DF72BB2EE9C006B6517 /* StackResultH.swift */ = {isa = PBXFileReference; lastKnownFileType = sourcecode.swift; path = StackResultH.swift; sourceTree = "<group>"; };
		E0E45DC62BA9C61900A7DCD7 /* CameraAccessView.swift */ = {isa = PBXFileReference; lastKnownFileType = sourcecode.swift; path = CameraAccessView.swift; sourceTree = "<group>"; };
		E0E483072BBE80EA00E62036 /* HeartRateModel.swift */ = {isa = PBXFileReference; lastKnownFileType = sourcecode.swift; path = HeartRateModel.swift; sourceTree = "<group>"; };
		E0F4666A2BC51D4B002E8B51 /* PayWallController.swift */ = {isa = PBXFileReference; lastKnownFileType = sourcecode.swift; path = PayWallController.swift; sourceTree = "<group>"; };
		E0F4666C2BC51FB9002E8B51 /* PayWallCell.swift */ = {isa = PBXFileReference; lastKnownFileType = sourcecode.swift; path = PayWallCell.swift; sourceTree = "<group>"; };
		E0F4666E2BC5242C002E8B51 /* PayWallView.swift */ = {isa = PBXFileReference; lastKnownFileType = sourcecode.swift; path = PayWallView.swift; sourceTree = "<group>"; };
		E0F83EEE2BA5DE0000C47D5A /* AnalyzViewController.swift */ = {isa = PBXFileReference; lastKnownFileType = sourcecode.swift; path = AnalyzViewController.swift; sourceTree = "<group>"; };
		E0F83EF02BA5E89200C47D5A /* ActivityView.swift */ = {isa = PBXFileReference; lastKnownFileType = sourcecode.swift; path = ActivityView.swift; sourceTree = "<group>"; };
		E0F83EF22BA604E300C47D5A /* StackV.swift */ = {isa = PBXFileReference; lastKnownFileType = sourcecode.swift; path = StackV.swift; sourceTree = "<group>"; };
		E0F83EF42BA604E900C47D5A /* StackH.swift */ = {isa = PBXFileReference; lastKnownFileType = sourcecode.swift; path = StackH.swift; sourceTree = "<group>"; };
		F50821292B7139AC00CEF074 /* AboutMeViewController.swift */ = {isa = PBXFileReference; lastKnownFileType = sourcecode.swift; path = AboutMeViewController.swift; sourceTree = "<group>"; };
		F508212C2B71439500CEF074 /* PulseStack.swift */ = {isa = PBXFileReference; lastKnownFileType = sourcecode.swift; path = PulseStack.swift; sourceTree = "<group>"; };
		F53A49682B7BAA1F002B2E65 /* WelcomViewV.swift */ = {isa = PBXFileReference; lastKnownFileType = sourcecode.swift; path = WelcomViewV.swift; sourceTree = "<group>"; };
		F53E0C5F2B74E485002C1DD2 /* GenderAboutCell.swift */ = {isa = PBXFileReference; lastKnownFileType = sourcecode.swift; path = GenderAboutCell.swift; sourceTree = "<group>"; };
		F53E0C612B74FC37002C1DD2 /* CIrcleButtonUIView.swift */ = {isa = PBXFileReference; lastKnownFileType = sourcecode.swift; path = CIrcleButtonUIView.swift; sourceTree = "<group>"; };
		F53E0C632B74FD24002C1DD2 /* CircleButtonHStack.swift */ = {isa = PBXFileReference; lastKnownFileType = sourcecode.swift; path = CircleButtonHStack.swift; sourceTree = "<group>"; };
		F542FCBE2B6E746D00ACB81B /* HistoryViewController.swift */ = {isa = PBXFileReference; lastKnownFileType = sourcecode.swift; path = HistoryViewController.swift; sourceTree = "<group>"; };
		F542FCC02B6E748700ACB81B /* HistoryView.swift */ = {isa = PBXFileReference; lastKnownFileType = sourcecode.swift; path = HistoryView.swift; sourceTree = "<group>"; };
		F542FCC22B6E74A100ACB81B /* HIstoryModel.swift */ = {isa = PBXFileReference; lastKnownFileType = sourcecode.swift; path = HIstoryModel.swift; sourceTree = "<group>"; };
		F542FCC42B6E774400ACB81B /* DietViewController.swift */ = {isa = PBXFileReference; lastKnownFileType = sourcecode.swift; path = DietViewController.swift; sourceTree = "<group>"; };
		F542FCC62B6E777400ACB81B /* DietView.swift */ = {isa = PBXFileReference; lastKnownFileType = sourcecode.swift; path = DietView.swift; sourceTree = "<group>"; };
		F542FCC82B6E778800ACB81B /* DIetModel.swift */ = {isa = PBXFileReference; lastKnownFileType = sourcecode.swift; path = DIetModel.swift; sourceTree = "<group>"; };
		F542FCCA2B6E77CE00ACB81B /* TestViewController.swift */ = {isa = PBXFileReference; lastKnownFileType = sourcecode.swift; path = TestViewController.swift; sourceTree = "<group>"; };
		F542FCCC2B6E77FC00ACB81B /* TestView.swift */ = {isa = PBXFileReference; lastKnownFileType = sourcecode.swift; path = TestView.swift; sourceTree = "<group>"; };
		F542FCCE2B6E781400ACB81B /* TestModel.swift */ = {isa = PBXFileReference; lastKnownFileType = sourcecode.swift; path = TestModel.swift; sourceTree = "<group>"; };
		F542FCD02B6E789E00ACB81B /* ProfileViewController.swift */ = {isa = PBXFileReference; lastKnownFileType = sourcecode.swift; path = ProfileViewController.swift; sourceTree = "<group>"; };
		F542FCD22B6E79D800ACB81B /* ProfileModel.swift */ = {isa = PBXFileReference; lastKnownFileType = sourcecode.swift; path = ProfileModel.swift; sourceTree = "<group>"; };
		F542FCD42B6E7A5000ACB81B /* ProfileView.swift */ = {isa = PBXFileReference; lastKnownFileType = sourcecode.swift; path = ProfileView.swift; sourceTree = "<group>"; };
		F54492522B725BCB002CAA53 /* AboutModel.swift */ = {isa = PBXFileReference; lastKnownFileType = sourcecode.swift; path = AboutModel.swift; sourceTree = "<group>"; };
		F54492552B725ED6002CAA53 /* AboutCell.swift */ = {isa = PBXFileReference; lastKnownFileType = sourcecode.swift; path = AboutCell.swift; sourceTree = "<group>"; };
		F54492592B73A3BF002CAA53 /* unitsFieldView.swift */ = {isa = PBXFileReference; lastKnownFileType = sourcecode.swift; path = unitsFieldView.swift; sourceTree = "<group>"; };
		F544925B2B73AA8F002CAA53 /* unitsStackView.swift */ = {isa = PBXFileReference; lastKnownFileType = sourcecode.swift; path = unitsStackView.swift; sourceTree = "<group>"; };
		F548ED0E2B8F2C460057A791 /* StorageManager.swift */ = {isa = PBXFileReference; lastKnownFileType = sourcecode.swift; path = StorageManager.swift; sourceTree = "<group>"; };
		F54ACF3F2B9B2274002467A0 /* MyProgressBar.swift */ = {isa = PBXFileReference; lastKnownFileType = sourcecode.swift; path = MyProgressBar.swift; sourceTree = "<group>"; };
		F5531F1D2B95FFEE00A37224 /* CoreData.xcdatamodel */ = {isa = PBXFileReference; lastKnownFileType = wrapper.xcdatamodel; path = CoreData.xcdatamodel; sourceTree = "<group>"; };
		F5984E7A2B6A99940090376F /* PulseMVC.app */ = {isa = PBXFileReference; explicitFileType = wrapper.application; includeInIndex = 0; path = PulseMVC.app; sourceTree = BUILT_PRODUCTS_DIR; };
		F5984E7D2B6A99940090376F /* AppDelegate.swift */ = {isa = PBXFileReference; lastKnownFileType = sourcecode.swift; path = AppDelegate.swift; sourceTree = "<group>"; };
		F5984E7F2B6A99940090376F /* SceneDelegate.swift */ = {isa = PBXFileReference; lastKnownFileType = sourcecode.swift; path = SceneDelegate.swift; sourceTree = "<group>"; };
		F5984E862B6A99950090376F /* Assets.xcassets */ = {isa = PBXFileReference; lastKnownFileType = folder.assetcatalog; path = Assets.xcassets; sourceTree = "<group>"; };
		F5984E892B6A99950090376F /* Base */ = {isa = PBXFileReference; lastKnownFileType = file.storyboard; name = Base; path = Base.lproj/LaunchScreen.storyboard; sourceTree = "<group>"; };
		F5984E8B2B6A99950090376F /* Info.plist */ = {isa = PBXFileReference; lastKnownFileType = text.plist.xml; path = Info.plist; sourceTree = "<group>"; };
		F5984E942B6A99960090376F /* PulseMVCTests.swift */ = {isa = PBXFileReference; lastKnownFileType = sourcecode.swift; path = PulseMVCTests.swift; sourceTree = "<group>"; };
		F5984E9E2B6A99960090376F /* PulseMVCUITests.swift */ = {isa = PBXFileReference; lastKnownFileType = sourcecode.swift; path = PulseMVCUITests.swift; sourceTree = "<group>"; };
		F5984EA02B6A99960090376F /* PulseMVCUITestsLaunchTests.swift */ = {isa = PBXFileReference; lastKnownFileType = sourcecode.swift; path = PulseMVCUITestsLaunchTests.swift; sourceTree = "<group>"; };
		F59EF6132B80F6CD0014C7E0 /* DimmyView.swift */ = {isa = PBXFileReference; lastKnownFileType = sourcecode.swift; path = DimmyView.swift; sourceTree = "<group>"; };
		F5A02EF02B6BF0B700DF7ED7 /* PulseViewController.swift */ = {isa = PBXFileReference; lastKnownFileType = sourcecode.swift; path = PulseViewController.swift; sourceTree = "<group>"; };
		F5A02EF52B6BFA7000DF7ED7 /* BaseViewController.swift */ = {isa = PBXFileReference; lastKnownFileType = sourcecode.swift; path = BaseViewController.swift; sourceTree = "<group>"; };
		F5E9C4E02B6FAF25001D5621 /* GlobalButton.swift */ = {isa = PBXFileReference; lastKnownFileType = sourcecode.swift; path = GlobalButton.swift; sourceTree = "<group>"; };
		F5E9C4E22B6FB426001D5621 /* AppColor.swift */ = {isa = PBXFileReference; lastKnownFileType = sourcecode.swift; path = AppColor.swift; sourceTree = "<group>"; };
		F5E9C4E52B6FB7E5001D5621 /* TabBarController.swift */ = {isa = PBXFileReference; lastKnownFileType = sourcecode.swift; path = TabBarController.swift; sourceTree = "<group>"; };
		F7CD4C525E25E29072BAB42A /* Pods-PulseMVCTests.release.xcconfig */ = {isa = PBXFileReference; includeInIndex = 1; lastKnownFileType = text.xcconfig; name = "Pods-PulseMVCTests.release.xcconfig"; path = "Target Support Files/Pods-PulseMVCTests/Pods-PulseMVCTests.release.xcconfig"; sourceTree = "<group>"; };
/* End PBXFileReference section */

/* Begin PBXFrameworksBuildPhase section */
		F5984E772B6A99940090376F /* Frameworks */ = {
			isa = PBXFrameworksBuildPhase;
			buildActionMask = 2147483647;
			files = (
				DFF715820705E8A4FC1D903B /* Pods_PulseMVC.framework in Frameworks */,
			);
			runOnlyForDeploymentPostprocessing = 0;
		};
/* End PBXFrameworksBuildPhase section */

/* Begin PBXGroup section */
		3F122AE6D6FED2A42F05AE38 /* Frameworks */ = {
			isa = PBXGroup;
			children = (
				5DF5D93D076ADAABC1C81BFB /* Pods_PulseMVC.framework */,
				1CFDEBD4995A7923591C47E5 /* Pods_PulseMVC_PulseMVCUITests.framework */,
				671AF794337B7B1A802FC457 /* Pods_PulseMVCTests.framework */,
			);
			name = Frameworks;
			sourceTree = "<group>";
		};
		85D6D0FCC07E2F0248864F16 /* Pods */ = {
			isa = PBXGroup;
			children = (
				B9CC3EDFDDD11404740CA379 /* Pods-PulseMVC.debug.xcconfig */,
				32E8FD4407AB07A74E6EBF81 /* Pods-PulseMVC.release.xcconfig */,
				090C6C4283FB8BE895EA2FEB /* Pods-PulseMVC-PulseMVCUITests.debug.xcconfig */,
				90BF2E75F841E25AE3406EE3 /* Pods-PulseMVC-PulseMVCUITests.release.xcconfig */,
				8555EC0178C0D9A6E4F6425D /* Pods-PulseMVCTests.debug.xcconfig */,
				F7CD4C525E25E29072BAB42A /* Pods-PulseMVCTests.release.xcconfig */,
			);
			path = Pods;
			sourceTree = "<group>";
		};
		E03621602BA5A6C400E6B076 /* Model */ = {
			isa = PBXGroup;
			children = (
				F54492522B725BCB002CAA53 /* AboutModel.swift */,
			);
			path = Model;
			sourceTree = "<group>";
		};
		E0C36B952BB69AA700C0840A /* Helpers */ = {
			isa = PBXGroup;
			children = (
				E0C36BA12BB69B5700C0840A /* ManagerHeart */,
				E0C36B9C2BB69B1800C0840A /* Detector Helpers */,
				E0C36B992BB69AF200C0840A /* UtilitesHeart */,
				E0C36B962BB69ABB00C0840A /* ExtensionHeart */,
				E0B467DC2BBE87C50006119E /* ext.swift */,
			);
			path = Helpers;
			sourceTree = "<group>";
		};
		E0C36B962BB69ABB00C0840A /* ExtensionHeart */ = {
			isa = PBXGroup;
			children = (
				E0C36B972BB69ACA00C0840A /* AVCaptureDevice.swift */,
			);
			name = ExtensionHeart;
			sourceTree = "<group>";
		};
		E0C36B992BB69AF200C0840A /* UtilitesHeart */ = {
			isa = PBXGroup;
			children = (
				E0C36B9A2BB69B0200C0840A /* ColorUtilitesHeart.swift */,
			);
			name = UtilitesHeart;
			sourceTree = "<group>";
		};
		E0C36B9C2BB69B1800C0840A /* Detector Helpers */ = {
			isa = PBXGroup;
			children = (
				E0C36B9D2BB69B2400C0840A /* FilterHeart.swift */,
				E0C36B9F2BB69B3800C0840A /* PulseDetectorHeart.swift */,
			);
			name = "Detector Helpers";
			sourceTree = "<group>";
		};
		E0C36BA12BB69B5700C0840A /* ManagerHeart */ = {
			isa = PBXGroup;
			children = (
				E0C36BA32BB69B6B00C0840A /* ManagerHeartRate.swift */,
			);
			name = ManagerHeart;
			sourceTree = "<group>";
		};
		E0DB8DF42BB2EE51006B6517 /* StackPulseValue */ = {
			isa = PBXGroup;
			children = (
				E0DB8DF72BB2EE9C006B6517 /* StackResultH.swift */,
			);
			path = StackPulseValue;
			sourceTree = "<group>";
		};
		E0F466692BC51D34002E8B51 /* PayWall */ = {
			isa = PBXGroup;
			children = (
				E0F4666A2BC51D4B002E8B51 /* PayWallController.swift */,
				E0F4666C2BC51FB9002E8B51 /* PayWallCell.swift */,
				E0F4666E2BC5242C002E8B51 /* PayWallView.swift */,
			);
			path = PayWall;
			sourceTree = "<group>";
		};
		E0F83EED2BA5DD8800C47D5A /* Analyze */ = {
			isa = PBXGroup;
			children = (
				E0F83EEE2BA5DE0000C47D5A /* AnalyzViewController.swift */,
				E0F83EF02BA5E89200C47D5A /* ActivityView.swift */,
				E0F83EF22BA604E300C47D5A /* StackV.swift */,
				E0F83EF42BA604E900C47D5A /* StackH.swift */,
			);
			path = Analyze;
			sourceTree = "<group>";
		};
		F542FCA62B6E66EF00ACB81B /* HeartRate */ = {
			isa = PBXGroup;
			children = (
				F5A02EF22B6BF11A00DF7ED7 /* Model */,
				F542FCA82B6E6A8600ACB81B /* View */,
				F5A02EF42B6BF13B00DF7ED7 /* Controller */,
			);
			path = HeartRate;
			sourceTree = "<group>";
		};
		F542FCA72B6E670300ACB81B /* Screens */ = {
			isa = PBXGroup;
			children = (
				E0F466692BC51D34002E8B51 /* PayWall */,
				E0F83EED2BA5DD8800C47D5A /* Analyze */,
				F542FCAB2B6E6AA300ACB81B /* Base */,
				F542FCA62B6E66EF00ACB81B /* HeartRate */,
				F5498DCB2B9F4C5200812722 /* About */,
				F542FCAD2B6E736A00ACB81B /* History */,
				F542FCB42B6E73C200ACB81B /* DIet */,
				F542FCB82B6E73DC00ACB81B /* Test */,
				F542FCAC2B6E723700ACB81B /* Profile */,
			);
			path = Screens;
			sourceTree = "<group>";
		};
		F542FCA82B6E6A8600ACB81B /* View */ = {
			isa = PBXGroup;
			children = (
				E0DB8DF42BB2EE51006B6517 /* StackPulseValue */,
				F54ACF3F2B9B2274002467A0 /* MyProgressBar.swift */,
				F53A49682B7BAA1F002B2E65 /* WelcomViewV.swift */,
				F59EF6132B80F6CD0014C7E0 /* DimmyView.swift */,
				F508212C2B71439500CEF074 /* PulseStack.swift */,
				E0E45DC62BA9C61900A7DCD7 /* CameraAccessView.swift */,
				E0DB8DF02BB2AA82006B6517 /* ResultView.swift */,
				E00260982BD90F0100E9117F /* VadimProgressCopyLogic.swift */,
			);
			path = View;
			sourceTree = "<group>";
		};
		F542FCAB2B6E6AA300ACB81B /* Base */ = {
			isa = PBXGroup;
			children = (
				F548ED0D2B8F258A0057A791 /* CoreData */,
				F5E9C4DF2B6F801C001D5621 /* SetupElements */,
				F5A02EF52B6BFA7000DF7ED7 /* BaseViewController.swift */,
			);
			path = Base;
			sourceTree = "<group>";
		};
		F542FCAC2B6E723700ACB81B /* Profile */ = {
			isa = PBXGroup;
			children = (
				F542FCB32B6E73B700ACB81B /* Controller */,
				F542FCB22B6E73B100ACB81B /* Model */,
				F542FCB12B6E73AC00ACB81B /* View */,
			);
			path = Profile;
			sourceTree = "<group>";
		};
		F542FCAD2B6E736A00ACB81B /* History */ = {
			isa = PBXGroup;
			children = (
				F542FCB02B6E738F00ACB81B /* Controller */,
				F542FCAF2B6E738A00ACB81B /* View */,
				F542FCAE2B6E737200ACB81B /* Model */,
			);
			path = History;
			sourceTree = "<group>";
		};
		F542FCAE2B6E737200ACB81B /* Model */ = {
			isa = PBXGroup;
			children = (
				F542FCC22B6E74A100ACB81B /* HIstoryModel.swift */,
			);
			path = Model;
			sourceTree = "<group>";
		};
		F542FCAF2B6E738A00ACB81B /* View */ = {
			isa = PBXGroup;
			children = (
				F542FCC02B6E748700ACB81B /* HistoryView.swift */,
			);
			path = View;
			sourceTree = "<group>";
		};
		F542FCB02B6E738F00ACB81B /* Controller */ = {
			isa = PBXGroup;
			children = (
				F542FCBE2B6E746D00ACB81B /* HistoryViewController.swift */,
			);
			path = Controller;
			sourceTree = "<group>";
		};
		F542FCB12B6E73AC00ACB81B /* View */ = {
			isa = PBXGroup;
			children = (
				F542FCD42B6E7A5000ACB81B /* ProfileView.swift */,
			);
			path = View;
			sourceTree = "<group>";
		};
		F542FCB22B6E73B100ACB81B /* Model */ = {
			isa = PBXGroup;
			children = (
				F542FCD22B6E79D800ACB81B /* ProfileModel.swift */,
			);
			path = Model;
			sourceTree = "<group>";
		};
		F542FCB32B6E73B700ACB81B /* Controller */ = {
			isa = PBXGroup;
			children = (
				F542FCD02B6E789E00ACB81B /* ProfileViewController.swift */,
			);
			path = Controller;
			sourceTree = "<group>";
		};
		F542FCB42B6E73C200ACB81B /* DIet */ = {
			isa = PBXGroup;
			children = (
				F542FCB72B6E73CF00ACB81B /* Controller */,
				F542FCB62B6E73CB00ACB81B /* View */,
				F542FCB52B6E73C600ACB81B /* Model */,
			);
			path = DIet;
			sourceTree = "<group>";
		};
		F542FCB52B6E73C600ACB81B /* Model */ = {
			isa = PBXGroup;
			children = (
				F542FCC82B6E778800ACB81B /* DIetModel.swift */,
			);
			path = Model;
			sourceTree = "<group>";
		};
		F542FCB62B6E73CB00ACB81B /* View */ = {
			isa = PBXGroup;
			children = (
				F542FCC62B6E777400ACB81B /* DietView.swift */,
				E090F8E92BDAA37700F65BD5 /* BaseRecipeView.swift */,
			);
			path = View;
			sourceTree = "<group>";
		};
		F542FCB72B6E73CF00ACB81B /* Controller */ = {
			isa = PBXGroup;
			children = (
				F542FCC42B6E774400ACB81B /* DietViewController.swift */,
			);
			path = Controller;
			sourceTree = "<group>";
		};
		F542FCB82B6E73DC00ACB81B /* Test */ = {
			isa = PBXGroup;
			children = (
				F542FCBB2B6E73E800ACB81B /* Controller */,
				F542FCBA2B6E73E300ACB81B /* View */,
				F542FCB92B6E73DF00ACB81B /* Model */,
			);
			path = Test;
			sourceTree = "<group>";
		};
		F542FCB92B6E73DF00ACB81B /* Model */ = {
			isa = PBXGroup;
			children = (
				F542FCCE2B6E781400ACB81B /* TestModel.swift */,
			);
			path = Model;
			sourceTree = "<group>";
		};
		F542FCBA2B6E73E300ACB81B /* View */ = {
			isa = PBXGroup;
			children = (
				F542FCCC2B6E77FC00ACB81B /* TestView.swift */,
			);
			path = View;
			sourceTree = "<group>";
		};
		F542FCBB2B6E73E800ACB81B /* Controller */ = {
			isa = PBXGroup;
			children = (
				F542FCCA2B6E77CE00ACB81B /* TestViewController.swift */,
			);
			path = Controller;
			sourceTree = "<group>";
		};
		F548ED0D2B8F258A0057A791 /* CoreData */ = {
			isa = PBXGroup;
			children = (
				E036215E2BA5A63000E6B076 /* Profile+CoreDataClass.swift */,
				F548ED0E2B8F2C460057A791 /* StorageManager.swift */,
				F5531F1C2B95FFEE00A37224 /* CoreData.xcdatamodeld */,
			);
			name = CoreData;
			path = ../../..;
			sourceTree = "<group>";
		};
		F5498DCB2B9F4C5200812722 /* About */ = {
			isa = PBXGroup;
			children = (
				E03621602BA5A6C400E6B076 /* Model */,
				F5498DCC2B9F4C7400812722 /* View */,
				F5498DCE2B9F4C7E00812722 /* Controller */,
			);
			path = About;
			sourceTree = "<group>";
		};
		F5498DCC2B9F4C7400812722 /* View */ = {
			isa = PBXGroup;
			children = (
				F54492552B725ED6002CAA53 /* AboutCell.swift */,
				F53E0C5F2B74E485002C1DD2 /* GenderAboutCell.swift */,
				F53E0C612B74FC37002C1DD2 /* CIrcleButtonUIView.swift */,
				F53E0C632B74FD24002C1DD2 /* CircleButtonHStack.swift */,
				F54492592B73A3BF002CAA53 /* unitsFieldView.swift */,
				F544925B2B73AA8F002CAA53 /* unitsStackView.swift */,
			);
			path = View;
			sourceTree = "<group>";
		};
		F5498DCE2B9F4C7E00812722 /* Controller */ = {
			isa = PBXGroup;
			children = (
				F50821292B7139AC00CEF074 /* AboutMeViewController.swift */,
			);
			path = Controller;
			sourceTree = "<group>";
		};
		F5984E712B6A99940090376F = {
			isa = PBXGroup;
			children = (
				F5984E7C2B6A99940090376F /* PulseMVC */,
				F5984E932B6A99960090376F /* PulseMVCTests */,
				F5984E9D2B6A99960090376F /* PulseMVCUITests */,
				F5984E7B2B6A99940090376F /* Products */,
				85D6D0FCC07E2F0248864F16 /* Pods */,
				3F122AE6D6FED2A42F05AE38 /* Frameworks */,
			);
			sourceTree = "<group>";
		};
		F5984E7B2B6A99940090376F /* Products */ = {
			isa = PBXGroup;
			children = (
				F5984E7A2B6A99940090376F /* PulseMVC.app */,
			);
			name = Products;
			sourceTree = "<group>";
		};
		F5984E7C2B6A99940090376F /* PulseMVC */ = {
			isa = PBXGroup;
			children = (
				E0C36B952BB69AA700C0840A /* Helpers */,
				F5984E7D2B6A99940090376F /* AppDelegate.swift */,
				F5984E7F2B6A99940090376F /* SceneDelegate.swift */,
				F542FCA72B6E670300ACB81B /* Screens */,
				F5984E862B6A99950090376F /* Assets.xcassets */,
				F5984E882B6A99950090376F /* LaunchScreen.storyboard */,
				F5984E8B2B6A99950090376F /* Info.plist */,
			);
			path = PulseMVC;
			sourceTree = "<group>";
		};
		F5984E932B6A99960090376F /* PulseMVCTests */ = {
			isa = PBXGroup;
			children = (
				F5984E942B6A99960090376F /* PulseMVCTests.swift */,
			);
			path = PulseMVCTests;
			sourceTree = "<group>";
		};
		F5984E9D2B6A99960090376F /* PulseMVCUITests */ = {
			isa = PBXGroup;
			children = (
				F5984E9E2B6A99960090376F /* PulseMVCUITests.swift */,
				F5984EA02B6A99960090376F /* PulseMVCUITestsLaunchTests.swift */,
			);
			path = PulseMVCUITests;
			sourceTree = "<group>";
		};
		F5A02EF22B6BF11A00DF7ED7 /* Model */ = {
			isa = PBXGroup;
			children = (
				E0E483072BBE80EA00E62036 /* HeartRateModel.swift */,
			);
			path = Model;
			sourceTree = "<group>";
		};
		F5A02EF42B6BF13B00DF7ED7 /* Controller */ = {
			isa = PBXGroup;
			children = (
				F5A02EF02B6BF0B700DF7ED7 /* PulseViewController.swift */,
			);
			path = Controller;
			sourceTree = "<group>";
		};
		F5E9C4DF2B6F801C001D5621 /* SetupElements */ = {
			isa = PBXGroup;
			children = (
				F5E9C4E42B6FB7C8001D5621 /* TabBar */,
				F5E9C4E02B6FAF25001D5621 /* GlobalButton.swift */,
				F5E9C4E22B6FB426001D5621 /* AppColor.swift */,
				E0DB8DF22BB2C061006B6517 /* StatusPulseView.swift */,
			);
			path = SetupElements;
			sourceTree = "<group>";
		};
		F5E9C4E42B6FB7C8001D5621 /* TabBar */ = {
			isa = PBXGroup;
			children = (
				F5E9C4E52B6FB7E5001D5621 /* TabBarController.swift */,
			);
			path = TabBar;
			sourceTree = "<group>";
		};
/* End PBXGroup section */

/* Begin PBXNativeTarget section */
		F5984E792B6A99940090376F /* PulseMVC */ = {
			isa = PBXNativeTarget;
			buildConfigurationList = F5984EA42B6A99960090376F /* Build configuration list for PBXNativeTarget "PulseMVC" */;
			buildPhases = (
				FEF75A2B1846474CFAB8CD56 /* [CP] Check Pods Manifest.lock */,
				F5984E762B6A99940090376F /* Sources */,
				F5984E772B6A99940090376F /* Frameworks */,
				F5984E782B6A99940090376F /* Resources */,
				081713F06E6044EDB7E3270B /* [CP] Embed Pods Frameworks */,
			);
			buildRules = (
			);
			dependencies = (
			);
			name = PulseMVC;
			productName = PulseMVC;
			productReference = F5984E7A2B6A99940090376F /* PulseMVC.app */;
			productType = "com.apple.product-type.application";
		};
/* End PBXNativeTarget section */

/* Begin PBXProject section */
		F5984E722B6A99940090376F /* Project object */ = {
			isa = PBXProject;
			attributes = {
				BuildIndependentTargetsInParallel = 1;
				LastSwiftUpdateCheck = 1520;
				LastUpgradeCheck = 1520;
				TargetAttributes = {
					F5984E792B6A99940090376F = {
						CreatedOnToolsVersion = 15.2;
					};
				};
			};
			buildConfigurationList = F5984E752B6A99940090376F /* Build configuration list for PBXProject "PulseMVC" */;
			compatibilityVersion = "Xcode 14.0";
			developmentRegion = en;
			hasScannedForEncodings = 0;
			knownRegions = (
				en,
				Base,
			);
			mainGroup = F5984E712B6A99940090376F;
			productRefGroup = F5984E7B2B6A99940090376F /* Products */;
			projectDirPath = "";
			projectRoot = "";
			targets = (
				F5984E792B6A99940090376F /* PulseMVC */,
			);
		};
/* End PBXProject section */

/* Begin PBXResourcesBuildPhase section */
		F5984E782B6A99940090376F /* Resources */ = {
			isa = PBXResourcesBuildPhase;
			buildActionMask = 2147483647;
			files = (
				F5984E8A2B6A99950090376F /* LaunchScreen.storyboard in Resources */,
				F5984E872B6A99950090376F /* Assets.xcassets in Resources */,
			);
			runOnlyForDeploymentPostprocessing = 0;
		};
/* End PBXResourcesBuildPhase section */

/* Begin PBXShellScriptBuildPhase section */
		081713F06E6044EDB7E3270B /* [CP] Embed Pods Frameworks */ = {
			isa = PBXShellScriptBuildPhase;
			buildActionMask = 2147483647;
			files = (
			);
			inputFileListPaths = (
				"${PODS_ROOT}/Target Support Files/Pods-PulseMVC/Pods-PulseMVC-frameworks-${CONFIGURATION}-input-files.xcfilelist",
			);
			name = "[CP] Embed Pods Frameworks";
			outputFileListPaths = (
				"${PODS_ROOT}/Target Support Files/Pods-PulseMVC/Pods-PulseMVC-frameworks-${CONFIGURATION}-output-files.xcfilelist",
			);
			runOnlyForDeploymentPostprocessing = 0;
			shellPath = /bin/sh;
			shellScript = "\"${PODS_ROOT}/Target Support Files/Pods-PulseMVC/Pods-PulseMVC-frameworks.sh\"\n";
			showEnvVarsInLog = 0;
		};
		FEF75A2B1846474CFAB8CD56 /* [CP] Check Pods Manifest.lock */ = {
			isa = PBXShellScriptBuildPhase;
			buildActionMask = 2147483647;
			files = (
			);
			inputFileListPaths = (
			);
			inputPaths = (
				"${PODS_PODFILE_DIR_PATH}/Podfile.lock",
				"${PODS_ROOT}/Manifest.lock",
			);
			name = "[CP] Check Pods Manifest.lock";
			outputFileListPaths = (
			);
			outputPaths = (
				"$(DERIVED_FILE_DIR)/Pods-PulseMVC-checkManifestLockResult.txt",
			);
			runOnlyForDeploymentPostprocessing = 0;
			shellPath = /bin/sh;
			shellScript = "diff \"${PODS_PODFILE_DIR_PATH}/Podfile.lock\" \"${PODS_ROOT}/Manifest.lock\" > /dev/null\nif [ $? != 0 ] ; then\n    # print error to STDERR\n    echo \"error: The sandbox is not in sync with the Podfile.lock. Run 'pod install' or update your CocoaPods installation.\" >&2\n    exit 1\nfi\n# This output is used by Xcode 'outputs' to avoid re-running this script phase.\necho \"SUCCESS\" > \"${SCRIPT_OUTPUT_FILE_0}\"\n";
			showEnvVarsInLog = 0;
		};
/* End PBXShellScriptBuildPhase section */

/* Begin PBXSourcesBuildPhase section */
		F5984E762B6A99940090376F /* Sources */ = {
			isa = PBXSourcesBuildPhase;
			buildActionMask = 2147483647;
			files = (
				E0C36B982BB69ACA00C0840A /* AVCaptureDevice.swift in Sources */,
				F542FCCD2B6E77FC00ACB81B /* TestView.swift in Sources */,
				F5E9C4E32B6FB426001D5621 /* AppColor.swift in Sources */,
				F508212D2B71439500CEF074 /* PulseStack.swift in Sources */,
				F5A02EF12B6BF0B700DF7ED7 /* PulseViewController.swift in Sources */,
				F542FCC12B6E748700ACB81B /* HistoryView.swift in Sources */,
				F53E0C602B74E485002C1DD2 /* GenderAboutCell.swift in Sources */,
				E090F8EA2BDAA37700F65BD5 /* BaseRecipeView.swift in Sources */,
				F53A49692B7BAA1F002B2E65 /* WelcomViewV.swift in Sources */,
				E036215F2BA5A63000E6B076 /* Profile+CoreDataClass.swift in Sources */,
				F53E0C642B74FD24002C1DD2 /* CircleButtonHStack.swift in Sources */,
				F544925A2B73A3BF002CAA53 /* unitsFieldView.swift in Sources */,
				F542FCC52B6E774400ACB81B /* DietViewController.swift in Sources */,
				E0F83EEF2BA5DE0000C47D5A /* AnalyzViewController.swift in Sources */,
				F53E0C622B74FC37002C1DD2 /* CIrcleButtonUIView.swift in Sources */,
				E0F83EF12BA5E89200C47D5A /* ActivityView.swift in Sources */,
				F54492532B725BCB002CAA53 /* AboutModel.swift in Sources */,
				E0F83EF32BA604E300C47D5A /* StackV.swift in Sources */,
				F54492562B725ED6002CAA53 /* AboutCell.swift in Sources */,
				E0F4666B2BC51D4B002E8B51 /* PayWallController.swift in Sources */,
				F542FCD12B6E789E00ACB81B /* ProfileViewController.swift in Sources */,
				F548ED0F2B8F2C460057A791 /* StorageManager.swift in Sources */,
				E0C36BA42BB69B6B00C0840A /* ManagerHeartRate.swift in Sources */,
				F542FCCB2B6E77CE00ACB81B /* TestViewController.swift in Sources */,
				F542FCC92B6E778800ACB81B /* DIetModel.swift in Sources */,
				F542FCD32B6E79D800ACB81B /* ProfileModel.swift in Sources */,
				E0B467DD2BBE87C50006119E /* ext.swift in Sources */,
				F508212A2B7139AC00CEF074 /* AboutMeViewController.swift in Sources */,
				E0E45DC72BA9C61900A7DCD7 /* CameraAccessView.swift in Sources */,
				E0F4666D2BC51FB9002E8B51 /* PayWallCell.swift in Sources */,
				E0C36B9B2BB69B0200C0840A /* ColorUtilitesHeart.swift in Sources */,
				E00260992BD90F0100E9117F /* VadimProgressCopyLogic.swift in Sources */,
				F542FCD52B6E7A5000ACB81B /* ProfileView.swift in Sources */,
				E0F83EF52BA604E900C47D5A /* StackH.swift in Sources */,
				F5531F1E2B95FFEE00A37224 /* CoreData.xcdatamodeld in Sources */,
				E0DB8DF82BB2EE9C006B6517 /* StackResultH.swift in Sources */,
				F5984E7E2B6A99940090376F /* AppDelegate.swift in Sources */,
				E0E483082BBE80EA00E62036 /* HeartRateModel.swift in Sources */,
				F542FCC72B6E777400ACB81B /* DietView.swift in Sources */,
				F54ACF402B9B2274002467A0 /* MyProgressBar.swift in Sources */,
				F59EF6142B80F6CD0014C7E0 /* DimmyView.swift in Sources */,
				E0C36BA02BB69B3800C0840A /* PulseDetectorHeart.swift in Sources */,
				F5984E802B6A99940090376F /* SceneDelegate.swift in Sources */,
				F5E9C4E12B6FAF25001D5621 /* GlobalButton.swift in Sources */,
				F542FCC32B6E74A100ACB81B /* HIstoryModel.swift in Sources */,
				F542FCCF2B6E781400ACB81B /* TestModel.swift in Sources */,
				E0DB8DF32BB2C061006B6517 /* StatusPulseView.swift in Sources */,
				E0F4666F2BC5242C002E8B51 /* PayWallView.swift in Sources */,
				F5E9C4E62B6FB7E5001D5621 /* TabBarController.swift in Sources */,
				F542FCBF2B6E746D00ACB81B /* HistoryViewController.swift in Sources */,
				E0DB8DF12BB2AA82006B6517 /* ResultView.swift in Sources */,
				E0C36B9E2BB69B2400C0840A /* FilterHeart.swift in Sources */,
				F5A02EF62B6BFA7000DF7ED7 /* BaseViewController.swift in Sources */,
				F544925C2B73AA8F002CAA53 /* unitsStackView.swift in Sources */,
			);
			runOnlyForDeploymentPostprocessing = 0;
		};
/* End PBXSourcesBuildPhase section */

/* Begin PBXVariantGroup section */
		F5984E882B6A99950090376F /* LaunchScreen.storyboard */ = {
			isa = PBXVariantGroup;
			children = (
				F5984E892B6A99950090376F /* Base */,
			);
			name = LaunchScreen.storyboard;
			sourceTree = "<group>";
		};
/* End PBXVariantGroup section */

/* Begin XCBuildConfiguration section */
		F5984EA22B6A99960090376F /* Debug */ = {
			isa = XCBuildConfiguration;
			buildSettings = {
				ALWAYS_SEARCH_USER_PATHS = NO;
				ASSETCATALOG_COMPILER_GENERATE_SWIFT_ASSET_SYMBOL_EXTENSIONS = YES;
				CLANG_ANALYZER_NONNULL = YES;
				CLANG_ANALYZER_NUMBER_OBJECT_CONVERSION = YES_AGGRESSIVE;
				CLANG_CXX_LANGUAGE_STANDARD = "gnu++20";
				CLANG_ENABLE_MODULES = YES;
				CLANG_ENABLE_OBJC_ARC = YES;
				CLANG_ENABLE_OBJC_WEAK = YES;
				CLANG_WARN_BLOCK_CAPTURE_AUTORELEASING = YES;
				CLANG_WARN_BOOL_CONVERSION = YES;
				CLANG_WARN_COMMA = YES;
				CLANG_WARN_CONSTANT_CONVERSION = YES;
				CLANG_WARN_DEPRECATED_OBJC_IMPLEMENTATIONS = YES;
				CLANG_WARN_DIRECT_OBJC_ISA_USAGE = YES_ERROR;
				CLANG_WARN_DOCUMENTATION_COMMENTS = YES;
				CLANG_WARN_EMPTY_BODY = YES;
				CLANG_WARN_ENUM_CONVERSION = YES;
				CLANG_WARN_INFINITE_RECURSION = YES;
				CLANG_WARN_INT_CONVERSION = YES;
				CLANG_WARN_NON_LITERAL_NULL_CONVERSION = YES;
				CLANG_WARN_OBJC_IMPLICIT_RETAIN_SELF = YES;
				CLANG_WARN_OBJC_LITERAL_CONVERSION = YES;
				CLANG_WARN_OBJC_ROOT_CLASS = YES_ERROR;
				CLANG_WARN_QUOTED_INCLUDE_IN_FRAMEWORK_HEADER = YES;
				CLANG_WARN_RANGE_LOOP_ANALYSIS = YES;
				CLANG_WARN_STRICT_PROTOTYPES = YES;
				CLANG_WARN_SUSPICIOUS_MOVE = YES;
				CLANG_WARN_UNGUARDED_AVAILABILITY = YES_AGGRESSIVE;
				CLANG_WARN_UNREACHABLE_CODE = YES;
				CLANG_WARN__DUPLICATE_METHOD_MATCH = YES;
				COPY_PHASE_STRIP = NO;
				DEBUG_INFORMATION_FORMAT = dwarf;
				ENABLE_STRICT_OBJC_MSGSEND = YES;
				ENABLE_TESTABILITY = YES;
				ENABLE_USER_SCRIPT_SANDBOXING = YES;
				GCC_C_LANGUAGE_STANDARD = gnu17;
				GCC_DYNAMIC_NO_PIC = NO;
				GCC_NO_COMMON_BLOCKS = YES;
				GCC_OPTIMIZATION_LEVEL = 0;
				GCC_PREPROCESSOR_DEFINITIONS = (
					"DEBUG=1",
					"$(inherited)",
				);
				GCC_WARN_64_TO_32_BIT_CONVERSION = YES;
				GCC_WARN_ABOUT_RETURN_TYPE = YES_ERROR;
				GCC_WARN_UNDECLARED_SELECTOR = YES;
				GCC_WARN_UNINITIALIZED_AUTOS = YES_AGGRESSIVE;
				GCC_WARN_UNUSED_FUNCTION = YES;
				GCC_WARN_UNUSED_VARIABLE = YES;
				IPHONEOS_DEPLOYMENT_TARGET = 17.2;
				LOCALIZATION_PREFERS_STRING_CATALOGS = YES;
				MTL_ENABLE_DEBUG_INFO = INCLUDE_SOURCE;
				MTL_FAST_MATH = YES;
				ONLY_ACTIVE_ARCH = YES;
				SDKROOT = iphoneos;
				SWIFT_ACTIVE_COMPILATION_CONDITIONS = "DEBUG $(inherited)";
				SWIFT_OPTIMIZATION_LEVEL = "-Onone";
			};
			name = Debug;
		};
		F5984EA32B6A99960090376F /* Release */ = {
			isa = XCBuildConfiguration;
			buildSettings = {
				ALWAYS_SEARCH_USER_PATHS = NO;
				ASSETCATALOG_COMPILER_GENERATE_SWIFT_ASSET_SYMBOL_EXTENSIONS = YES;
				CLANG_ANALYZER_NONNULL = YES;
				CLANG_ANALYZER_NUMBER_OBJECT_CONVERSION = YES_AGGRESSIVE;
				CLANG_CXX_LANGUAGE_STANDARD = "gnu++20";
				CLANG_ENABLE_MODULES = YES;
				CLANG_ENABLE_OBJC_ARC = YES;
				CLANG_ENABLE_OBJC_WEAK = YES;
				CLANG_WARN_BLOCK_CAPTURE_AUTORELEASING = YES;
				CLANG_WARN_BOOL_CONVERSION = YES;
				CLANG_WARN_COMMA = YES;
				CLANG_WARN_CONSTANT_CONVERSION = YES;
				CLANG_WARN_DEPRECATED_OBJC_IMPLEMENTATIONS = YES;
				CLANG_WARN_DIRECT_OBJC_ISA_USAGE = YES_ERROR;
				CLANG_WARN_DOCUMENTATION_COMMENTS = YES;
				CLANG_WARN_EMPTY_BODY = YES;
				CLANG_WARN_ENUM_CONVERSION = YES;
				CLANG_WARN_INFINITE_RECURSION = YES;
				CLANG_WARN_INT_CONVERSION = YES;
				CLANG_WARN_NON_LITERAL_NULL_CONVERSION = YES;
				CLANG_WARN_OBJC_IMPLICIT_RETAIN_SELF = YES;
				CLANG_WARN_OBJC_LITERAL_CONVERSION = YES;
				CLANG_WARN_OBJC_ROOT_CLASS = YES_ERROR;
				CLANG_WARN_QUOTED_INCLUDE_IN_FRAMEWORK_HEADER = YES;
				CLANG_WARN_RANGE_LOOP_ANALYSIS = YES;
				CLANG_WARN_STRICT_PROTOTYPES = YES;
				CLANG_WARN_SUSPICIOUS_MOVE = YES;
				CLANG_WARN_UNGUARDED_AVAILABILITY = YES_AGGRESSIVE;
				CLANG_WARN_UNREACHABLE_CODE = YES;
				CLANG_WARN__DUPLICATE_METHOD_MATCH = YES;
				COPY_PHASE_STRIP = NO;
				DEBUG_INFORMATION_FORMAT = "dwarf-with-dsym";
				ENABLE_NS_ASSERTIONS = NO;
				ENABLE_STRICT_OBJC_MSGSEND = YES;
				ENABLE_USER_SCRIPT_SANDBOXING = YES;
				GCC_C_LANGUAGE_STANDARD = gnu17;
				GCC_NO_COMMON_BLOCKS = YES;
				GCC_WARN_64_TO_32_BIT_CONVERSION = YES;
				GCC_WARN_ABOUT_RETURN_TYPE = YES_ERROR;
				GCC_WARN_UNDECLARED_SELECTOR = YES;
				GCC_WARN_UNINITIALIZED_AUTOS = YES_AGGRESSIVE;
				GCC_WARN_UNUSED_FUNCTION = YES;
				GCC_WARN_UNUSED_VARIABLE = YES;
				IPHONEOS_DEPLOYMENT_TARGET = 17.2;
				LOCALIZATION_PREFERS_STRING_CATALOGS = YES;
				MTL_ENABLE_DEBUG_INFO = NO;
				MTL_FAST_MATH = YES;
				SDKROOT = iphoneos;
				SWIFT_COMPILATION_MODE = wholemodule;
				VALIDATE_PRODUCT = YES;
			};
			name = Release;
		};
		F5984EA52B6A99960090376F /* Debug */ = {
			isa = XCBuildConfiguration;
			baseConfigurationReference = B9CC3EDFDDD11404740CA379 /* Pods-PulseMVC.debug.xcconfig */;
			buildSettings = {
				ASSETCATALOG_COMPILER_APPICON_NAME = AppIcon;
				ASSETCATALOG_COMPILER_GLOBAL_ACCENT_COLOR_NAME = AccentColor;
				CODE_SIGN_STYLE = Automatic;
				CURRENT_PROJECT_VERSION = 1;
				DEVELOPMENT_TEAM = QYJ996Y32P;
				ENABLE_USER_SCRIPT_SANDBOXING = NO;
				GENERATE_INFOPLIST_FILE = YES;
				INFOPLIST_FILE = PulseMVC/Info.plist;
				INFOPLIST_KEY_UIApplicationSupportsIndirectInputEvents = YES;
				INFOPLIST_KEY_UILaunchStoryboardName = LaunchScreen;
				INFOPLIST_KEY_UISupportedInterfaceOrientations_iPad = "UIInterfaceOrientationPortrait UIInterfaceOrientationPortraitUpsideDown UIInterfaceOrientationLandscapeLeft UIInterfaceOrientationLandscapeRight";
				INFOPLIST_KEY_UISupportedInterfaceOrientations_iPhone = "UIInterfaceOrientationPortrait UIInterfaceOrientationLandscapeLeft UIInterfaceOrientationLandscapeRight";
				LD_RUNPATH_SEARCH_PATHS = (
					"$(inherited)",
					"@executable_path/Frameworks",
				);
				MARKETING_VERSION = 1.0;
				PRODUCT_BUNDLE_IDENTIFIER = vladislavikys.PulseMVC;
				PRODUCT_NAME = "$(TARGET_NAME)";
				SUPPORTED_PLATFORMS = "iphoneos iphonesimulator";
				SUPPORTS_MACCATALYST = NO;
				SUPPORTS_MAC_DESIGNED_FOR_IPHONE_IPAD = NO;
				SUPPORTS_XR_DESIGNED_FOR_IPHONE_IPAD = NO;
				SWIFT_EMIT_LOC_STRINGS = YES;
				SWIFT_VERSION = 5.0;
				TARGETED_DEVICE_FAMILY = 1;
			};
			name = Debug;
		};
		F5984EA62B6A99960090376F /* Release */ = {
			isa = XCBuildConfiguration;
			baseConfigurationReference = 32E8FD4407AB07A74E6EBF81 /* Pods-PulseMVC.release.xcconfig */;
			buildSettings = {
				ASSETCATALOG_COMPILER_APPICON_NAME = AppIcon;
				ASSETCATALOG_COMPILER_GLOBAL_ACCENT_COLOR_NAME = AccentColor;
				CODE_SIGN_STYLE = Automatic;
				CURRENT_PROJECT_VERSION = 1;
				DEVELOPMENT_TEAM = QYJ996Y32P;
				ENABLE_USER_SCRIPT_SANDBOXING = NO;
				GENERATE_INFOPLIST_FILE = YES;
				INFOPLIST_FILE = PulseMVC/Info.plist;
				INFOPLIST_KEY_UIApplicationSupportsIndirectInputEvents = YES;
				INFOPLIST_KEY_UILaunchStoryboardName = LaunchScreen;
				INFOPLIST_KEY_UISupportedInterfaceOrientations_iPad = "UIInterfaceOrientationPortrait UIInterfaceOrientationPortraitUpsideDown UIInterfaceOrientationLandscapeLeft UIInterfaceOrientationLandscapeRight";
				INFOPLIST_KEY_UISupportedInterfaceOrientations_iPhone = "UIInterfaceOrientationPortrait UIInterfaceOrientationLandscapeLeft UIInterfaceOrientationLandscapeRight";
				LD_RUNPATH_SEARCH_PATHS = (
					"$(inherited)",
					"@executable_path/Frameworks",
				);
				MARKETING_VERSION = 1.0;
				PRODUCT_BUNDLE_IDENTIFIER = vladislavikys.PulseMVC;
				PRODUCT_NAME = "$(TARGET_NAME)";
				SUPPORTED_PLATFORMS = "iphoneos iphonesimulator";
				SUPPORTS_MACCATALYST = NO;
				SUPPORTS_MAC_DESIGNED_FOR_IPHONE_IPAD = NO;
				SUPPORTS_XR_DESIGNED_FOR_IPHONE_IPAD = NO;
				SWIFT_EMIT_LOC_STRINGS = YES;
				SWIFT_VERSION = 5.0;
				TARGETED_DEVICE_FAMILY = 1;
			};
			name = Release;
		};
/* End XCBuildConfiguration section */

/* Begin XCConfigurationList section */
		F5984E752B6A99940090376F /* Build configuration list for PBXProject "PulseMVC" */ = {
			isa = XCConfigurationList;
			buildConfigurations = (
				F5984EA22B6A99960090376F /* Debug */,
				F5984EA32B6A99960090376F /* Release */,
			);
			defaultConfigurationIsVisible = 0;
			defaultConfigurationName = Release;
		};
		F5984EA42B6A99960090376F /* Build configuration list for PBXNativeTarget "PulseMVC" */ = {
			isa = XCConfigurationList;
			buildConfigurations = (
				F5984EA52B6A99960090376F /* Debug */,
				F5984EA62B6A99960090376F /* Release */,
			);
			defaultConfigurationIsVisible = 0;
			defaultConfigurationName = Release;
		};
/* End XCConfigurationList section */

/* Begin XCVersionGroup section */
		F5531F1C2B95FFEE00A37224 /* CoreData.xcdatamodeld */ = {
			isa = XCVersionGroup;
			children = (
				F5531F1D2B95FFEE00A37224 /* CoreData.xcdatamodel */,
			);
			currentVersion = F5531F1D2B95FFEE00A37224 /* CoreData.xcdatamodel */;
			path = CoreData.xcdatamodeld;
			sourceTree = "<group>";
			versionGroupType = wrapper.xcdatamodel;
		};
/* End XCVersionGroup section */
	};
	rootObject = F5984E722B6A99940090376F /* Project object */;
}
